
Microsoft Visual Studio Solution File, Format Version 12.00
# Visual Studio Version 16
VisualStudioVersion = 16.0.29025.244
MinimumVisualStudioVersion = 10.0.40219.1
Project("{FAE04EC0-301F-11D3-BF4B-00C04F79EFBC}") = "MagicianHub", "MagicianHub\MagicianHub.csproj", "{B5A231DB-45C2-43E4-A888-7EE0EEBB29D6}"
EndProject
Project("{FAE04EC0-301F-11D3-BF4B-00C04F79EFBC}") = "MagicianHub.Tests", "MagicianHub.Tests\MagicianHub.Tests.csproj", "{05A6B14D-8F09-4905-ADD4-F5C2FF6F5D56}"
EndProject
Global
	GlobalSection(SolutionConfigurationPlatforms) = preSolution
		Debug|Any CPU = Debug|Any CPU
		Debug|ARM = Debug|ARM
		Debug|ARM64 = Debug|ARM64
		Debug|x64 = Debug|x64
		Debug|x86 = Debug|x86
		Release|Any CPU = Release|Any CPU
		Release|ARM = Release|ARM
		Release|ARM64 = Release|ARM64
		Release|x64 = Release|x64
		Release|x86 = Release|x86
	EndGlobalSection
	GlobalSection(ProjectConfigurationPlatforms) = postSolution
		{B5A231DB-45C2-43E4-A888-7EE0EEBB29D6}.Debug|Any CPU.ActiveCfg = Debug|x86
		{B5A231DB-45C2-43E4-A888-7EE0EEBB29D6}.Debug|ARM.ActiveCfg = Debug|ARM
		{B5A231DB-45C2-43E4-A888-7EE0EEBB29D6}.Debug|ARM.Build.0 = Debug|ARM
		{B5A231DB-45C2-43E4-A888-7EE0EEBB29D6}.Debug|ARM.Deploy.0 = Debug|ARM
		{B5A231DB-45C2-43E4-A888-7EE0EEBB29D6}.Debug|ARM64.ActiveCfg = Debug|ARM64
		{B5A231DB-45C2-43E4-A888-7EE0EEBB29D6}.Debug|ARM64.Build.0 = Debug|ARM64
		{B5A231DB-45C2-43E4-A888-7EE0EEBB29D6}.Debug|ARM64.Deploy.0 = Debug|ARM64
		{B5A231DB-45C2-43E4-A888-7EE0EEBB29D6}.Debug|x64.ActiveCfg = Debug|x64
		{B5A231DB-45C2-43E4-A888-7EE0EEBB29D6}.Debug|x64.Build.0 = Debug|x64
		{B5A231DB-45C2-43E4-A888-7EE0EEBB29D6}.Debug|x64.Deploy.0 = Debug|x64
		{B5A231DB-45C2-43E4-A888-7EE0EEBB29D6}.Debug|x86.ActiveCfg = Debug|x86
		{B5A231DB-45C2-43E4-A888-7EE0EEBB29D6}.Debug|x86.Build.0 = Debug|x86
		{B5A231DB-45C2-43E4-A888-7EE0EEBB29D6}.Debug|x86.Deploy.0 = Debug|x86
		{B5A231DB-45C2-43E4-A888-7EE0EEBB29D6}.Release|Any CPU.ActiveCfg = Release|x86
		{B5A231DB-45C2-43E4-A888-7EE0EEBB29D6}.Release|ARM.ActiveCfg = Release|ARM
		{B5A231DB-45C2-43E4-A888-7EE0EEBB29D6}.Release|ARM.Build.0 = Release|ARM
		{B5A231DB-45C2-43E4-A888-7EE0EEBB29D6}.Release|ARM.Deploy.0 = Release|ARM
		{B5A231DB-45C2-43E4-A888-7EE0EEBB29D6}.Release|ARM64.ActiveCfg = Release|ARM64
		{B5A231DB-45C2-43E4-A888-7EE0EEBB29D6}.Release|ARM64.Build.0 = Release|ARM64
		{B5A231DB-45C2-43E4-A888-7EE0EEBB29D6}.Release|ARM64.Deploy.0 = Release|ARM64
		{B5A231DB-45C2-43E4-A888-7EE0EEBB29D6}.Release|x64.ActiveCfg = Release|x64
		{B5A231DB-45C2-43E4-A888-7EE0EEBB29D6}.Release|x64.Build.0 = Release|x64
		{B5A231DB-45C2-43E4-A888-7EE0EEBB29D6}.Release|x64.Deploy.0 = Release|x64
		{B5A231DB-45C2-43E4-A888-7EE0EEBB29D6}.Release|x86.ActiveCfg = Release|x86
		{B5A231DB-45C2-43E4-A888-7EE0EEBB29D6}.Release|x86.Build.0 = Release|x86
		{B5A231DB-45C2-43E4-A888-7EE0EEBB29D6}.Release|x86.Deploy.0 = Release|x86
		{05A6B14D-8F09-4905-ADD4-F5C2FF6F5D56}.Debug|Any CPU.ActiveCfg = Debug|Any CPU
		{05A6B14D-8F09-4905-ADD4-F5C2FF6F5D56}.Debug|Any CPU.Build.0 = Debug|Any CPU
		{05A6B14D-8F09-4905-ADD4-F5C2FF6F5D56}.Debug|ARM.ActiveCfg = Debug|Any CPU
		{05A6B14D-8F09-4905-ADD4-F5C2FF6F5D56}.Debug|ARM.Build.0 = Debug|Any CPU
		{05A6B14D-8F09-4905-ADD4-F5C2FF6F5D56}.Debug|ARM64.ActiveCfg = Debug|Any CPU
		{05A6B14D-8F09-4905-ADD4-F5C2FF6F5D56}.Debug|ARM64.Build.0 = Debug|Any CPU
		{05A6B14D-8F09-4905-ADD4-F5C2FF6F5D56}.Debug|x64.ActiveCfg = Debug|Any CPU
		{05A6B14D-8F09-4905-ADD4-F5C2FF6F5D56}.Debug|x64.Build.0 = Debug|Any CPU
		{05A6B14D-8F09-4905-ADD4-F5C2FF6F5D56}.Debug|x86.ActiveCfg = Debug|Any CPU
		{05A6B14D-8F09-4905-ADD4-F5C2FF6F5D56}.Debug|x86.Build.0 = Debug|Any CPU
		{05A6B14D-8F09-4905-ADD4-F5C2FF6F5D56}.Release|Any CPU.ActiveCfg = Release|Any CPU
		{05A6B14D-8F09-4905-ADD4-F5C2FF6F5D56}.Release|Any CPU.Build.0 = Release|Any CPU
		{05A6B14D-8F09-4905-ADD4-F5C2FF6F5D56}.Release|ARM.ActiveCfg = Release|Any CPU
		{05A6B14D-8F09-4905-ADD4-F5C2FF6F5D56}.Release|ARM.Build.0 = Release|Any CPU
		{05A6B14D-8F09-4905-ADD4-F5C2FF6F5D56}.Release|ARM64.ActiveCfg = Release|Any CPU
		{05A6B14D-8F09-4905-ADD4-F5C2FF6F5D56}.Release|ARM64.Build.0 = Release|Any CPU
		{05A6B14D-8F09-4905-ADD4-F5C2FF6F5D56}.Release|x64.ActiveCfg = Release|Any CPU
		{05A6B14D-8F09-4905-ADD4-F5C2FF6F5D56}.Release|x64.Build.0 = Release|Any CPU
		{05A6B14D-8F09-4905-ADD4-F5C2FF6F5D56}.Release|x86.ActiveCfg = Release|Any CPU
		{05A6B14D-8F09-4905-ADD4-F5C2FF6F5D56}.Release|x86.Build.0 = Release|Any CPU
	EndGlobalSection
	GlobalSection(SolutionProperties) = preSolution
		HideSolutionNode = FALSE
	EndGlobalSection
	GlobalSection(ExtensibilityGlobals) = postSolution
		SolutionGuid = {053F3D6F-CDF2-4E71-9C4A-84AC69A7BBD7}
	EndGlobalSection
EndGlobal
